PODS:
  - Sourcery (1.6.0)
  - SwiftyMocky (4.1.0):
    - Sourcery (= 1.6.0)
  - Swinject (2.8.2)

DEPENDENCIES:
  - SwiftyMocky
  - Swinject

SPEC REPOS:
  trunk:
    - Sourcery
    - SwiftyMocky
    - Swinject

SPEC CHECKSUMS:
  Sourcery: 744f43178637c79bf23127dfe34e2103b3f28499
  SwiftyMocky: 014739247afadb65efb5bb92ede32c22b9365762
  Swinject: b4a11b31992e8668308dc594ba1cb9b3164a37ab

PODFILE CHECKSUM: 6b2acc20a11326951977e1902d04103035b07c95

COCOAPODS: 1.11.3
